
Microsoft Visual Studio Solution File, Format Version 12.00
# Visual Studio Version 17
VisualStudioVersion = 17.10.35122.118
MinimumVisualStudioVersion = 10.0.40219.1
Project("{FAE04EC0-301F-11D3-BF4B-00C04F79EFBC}") = "IdentityAPI", "IdentityAPI\IdentityAPI.csproj", "{C95FAF53-7E61-413F-8EC7-4AD2BCACCC11}"
EndProject
Global
	GlobalSection(SolutionConfigurationPlatforms) = preSolution
		Debug|Any CPU = Debug|Any CPU
		Release|Any CPU = Release|Any CPU
	EndGlobalSection
	GlobalSection(ProjectConfigurationPlatforms) = postSolution
		{C95FAF53-7E61-413F-8EC7-4AD2BCACCC11}.Debug|Any CPU.ActiveCfg = Debug|Any CPU
		{C95FAF53-7E61-413F-8EC7-4AD2BCACCC11}.Debug|Any CPU.Build.0 = Debug|Any CPU
		{C95FAF53-7E61-413F-8EC7-4AD2BCACCC11}.Release|Any CPU.ActiveCfg = Release|Any CPU
		{C95FAF53-7E61-413F-8EC7-4AD2BCACCC11}.Release|Any CPU.Build.0 = Release|Any CPU
	EndGlobalSection
	GlobalSection(SolutionProperties) = preSolution
		HideSolutionNode = FALSE
	EndGlobalSection
	GlobalSection(ExtensibilityGlobals) = postSolution
		SolutionGuid = {7F99B01D-3356-478F-9793-496515748169}
	EndGlobalSection
EndGlobal
